import tkinter as tk

# Function to handle the button click event
def options_clicked():
    # Hide the main window
    window.withdraw()

    # Create a new window for options
    options_window = tk.Toplevel()

    # Set the window dimensions
    options_window.geometry(window.geometry())

    # Set the background color to blue
    options_window.configure(bg="blue")

    # Set the highlight background color to match the background
    options_window.configure(highlightbackground="blue")

    # Function to handle closing the options window
    def close_options():
        options_window.destroy()
        # Show the main window again
        window.deiconify()

    # Bind the close_options function to the close button
    options_window.protocol("WM_DELETE_WINDOW", close_options)

# Create a window instance
window = tk.Tk()

# Set the window dimensions
window.geometry("700x500")

# Disable window resizing
window.resizable(False, False)

# Set window attributes to prevent minimizing and full screen
window.attributes("-topmost", True)
window.attributes("-fullscreen", False)

# Set the background color to blue
window.configure(bg="blue")

# Set the highlight background color to match the background
window.configure(highlightbackground="blue")

# Create a label with "Cean" text and "Impact" font
label = tk.Label(window, text="Cean", font=("Impact", 24), fg="white", bg="blue")
label.pack(anchor="nw", padx=10, pady=10)

# Create the Options button with transparent background
button = tk.Button(window, text="Options", font=("Impact", 14), command=options_clicked, bg="blue", fg="white",
                   relief="flat")
button.pack(side="left", padx=10, pady=10, anchor="sw")

# Run the window's event loop
window.mainloop()
